// !$*UTF8*$!
{
	archiveVersion = 1;
	classes = {
	};
	objectVersion = 56;
	objects = {

/* Begin PBXBuildFile section */
		5964A58A2B2D7D420004C53D /* FilterVC.swift in Sources */ = {isa = PBXBuildFile; fileRef = 5964A5892B2D7D420004C53D /* FilterVC.swift */; };
		5964A58C2B2D84FF0004C53D /* Filter.storyboard in Resources */ = {isa = PBXBuildFile; fileRef = 5964A58B2B2D84FF0004C53D /* Filter.storyboard */; };
		5964A58F2B2D90E00004C53D /* CalculateView.swift in Sources */ = {isa = PBXBuildFile; fileRef = 5964A58E2B2D90E00004C53D /* CalculateView.swift */; };
		5964A5912B2D91020004C53D /* CalculateView.xib in Resources */ = {isa = PBXBuildFile; fileRef = 5964A5902B2D91020004C53D /* CalculateView.xib */; };
		5964A5942B2D9A1B0004C53D /* TagCollectionViewCell.swift in Sources */ = {isa = PBXBuildFile; fileRef = 5964A5922B2D9A1B0004C53D /* TagCollectionViewCell.swift */; };
		5964A5952B2D9A1B0004C53D /* TagCollectionViewCell.xib in Resources */ = {isa = PBXBuildFile; fileRef = 5964A5932B2D9A1B0004C53D /* TagCollectionViewCell.xib */; };
		5964A5972B2D9D190004C53D /* FilterModel.swift in Sources */ = {isa = PBXBuildFile; fileRef = 5964A5962B2D9D190004C53D /* FilterModel.swift */; };
		5964A5992B2DAE5A0004C53D /* FlexibleSteppedProgressBarView.swift in Sources */ = {isa = PBXBuildFile; fileRef = 5964A5982B2DAE5A0004C53D /* FlexibleSteppedProgressBarView.swift */; };
		5964A59B2B2DAE770004C53D /* FlexibleSteppedProgressBarView.xib in Resources */ = {isa = PBXBuildFile; fileRef = 5964A59A2B2DAE770004C53D /* FlexibleSteppedProgressBarView.xib */; };
		5964A5A32B2EE3260004C53D /* StoreInfoVC.swift in Sources */ = {isa = PBXBuildFile; fileRef = 5964A5A22B2EE3260004C53D /* StoreInfoVC.swift */; };
		5964A5A52B2EE36A0004C53D /* StoreInfo.storyboard in Resources */ = {isa = PBXBuildFile; fileRef = 5964A5A42B2EE3690004C53D /* StoreInfo.storyboard */; };
		5964A5A92B43E0160004C53D /* ConnectInfoView.swift in Sources */ = {isa = PBXBuildFile; fileRef = 5964A5A82B43E0160004C53D /* ConnectInfoView.swift */; };
		5964A5AB2B43E04F0004C53D /* ConnectInfoView.xib in Resources */ = {isa = PBXBuildFile; fileRef = 5964A5AA2B43E04F0004C53D /* ConnectInfoView.xib */; };
		5964A5D12B451AD50004C53D /* BusinessTimeTableViewCell.swift in Sources */ = {isa = PBXBuildFile; fileRef = 5964A5D02B451AD50004C53D /* BusinessTimeTableViewCell.swift */; };
		598A97F32B1B286F0041EB31 /* LogoVC.swift in Sources */ = {isa = PBXBuildFile; fileRef = 598A97F22B1B286F0041EB31 /* LogoVC.swift */; };
		598A97F52B1B287B0041EB31 /* Logo.storyboard in Resources */ = {isa = PBXBuildFile; fileRef = 598A97F42B1B287B0041EB31 /* Logo.storyboard */; };
		598A97F72B1C66DA0041EB31 /* CustomVC.swift in Sources */ = {isa = PBXBuildFile; fileRef = 598A97F62B1C66DA0041EB31 /* CustomVC.swift */; };
		598A97F92B1C680C0041EB31 /* CustomRootVC.swift in Sources */ = {isa = PBXBuildFile; fileRef = 598A97F82B1C680B0041EB31 /* CustomRootVC.swift */; };
		598A97FB2B1C689C0041EB31 /* WaitingTableViewCell.swift in Sources */ = {isa = PBXBuildFile; fileRef = 598A97FA2B1C689C0041EB31 /* WaitingTableViewCell.swift */; };
		598A98032B1C885E0041EB31 /* ScanBtn.swift in Sources */ = {isa = PBXBuildFile; fileRef = 598A98022B1C885E0041EB31 /* ScanBtn.swift */; };
		598A98052B1C88770041EB31 /* ScanBtn.xib in Resources */ = {isa = PBXBuildFile; fileRef = 598A98042B1C88770041EB31 /* ScanBtn.xib */; };
		598A98092B22FB410041EB31 /* StoreListVC.swift in Sources */ = {isa = PBXBuildFile; fileRef = 598A98082B22FB410041EB31 /* StoreListVC.swift */; };
		598A980B2B22FBE20041EB31 /* StoreList.storyboard in Resources */ = {isa = PBXBuildFile; fileRef = 598A980A2B22FBE20041EB31 /* StoreList.storyboard */; };
		598A980D2B22FE560041EB31 /* SearchView.swift in Sources */ = {isa = PBXBuildFile; fileRef = 598A980C2B22FE560041EB31 /* SearchView.swift */; };
		598A980F2B22FE890041EB31 /* SearchView.xib in Resources */ = {isa = PBXBuildFile; fileRef = 598A980E2B22FE890041EB31 /* SearchView.xib */; };
		598A98112B23134C0041EB31 /* StoreListTableViewCell.swift in Sources */ = {isa = PBXBuildFile; fileRef = 598A98102B23134C0041EB31 /* StoreListTableViewCell.swift */; };
		598A98132B231AA20041EB31 /* WaitStatusView.swift in Sources */ = {isa = PBXBuildFile; fileRef = 598A98122B231AA20041EB31 /* WaitStatusView.swift */; };
		598A98152B231AAE0041EB31 /* WaitStatusView.xib in Resources */ = {isa = PBXBuildFile; fileRef = 598A98142B231AAE0041EB31 /* WaitStatusView.xib */; };
		598A98172B23EFA70041EB31 /* TagView.swift in Sources */ = {isa = PBXBuildFile; fileRef = 598A98162B23EFA70041EB31 /* TagView.swift */; };
		598A98192B23EFE40041EB31 /* TagView.xib in Resources */ = {isa = PBXBuildFile; fileRef = 598A98182B23EFE40041EB31 /* TagView.xib */; };
		598C112B2B0A011F008B6005 /* AppDelegate.swift in Sources */ = {isa = PBXBuildFile; fileRef = 598C112A2B0A011F008B6005 /* AppDelegate.swift */; };
		598C112D2B0A011F008B6005 /* SceneDelegate.swift in Sources */ = {isa = PBXBuildFile; fileRef = 598C112C2B0A011F008B6005 /* SceneDelegate.swift */; };
		598C112F2B0A011F008B6005 /* ViewController.swift in Sources */ = {isa = PBXBuildFile; fileRef = 598C112E2B0A011F008B6005 /* ViewController.swift */; };
		598C11322B0A011F008B6005 /* Main.storyboard in Resources */ = {isa = PBXBuildFile; fileRef = 598C11302B0A011F008B6005 /* Main.storyboard */; };
		598C11342B0A0120008B6005 /* Assets.xcassets in Resources */ = {isa = PBXBuildFile; fileRef = 598C11332B0A0120008B6005 /* Assets.xcassets */; };
		598C11372B0A0120008B6005 /* LaunchScreen.storyboard in Resources */ = {isa = PBXBuildFile; fileRef = 598C11352B0A0120008B6005 /* LaunchScreen.storyboard */; };
		598C113F2B0A0201008B6005 /* LogoAnimationVC.swift in Sources */ = {isa = PBXBuildFile; fileRef = 598C113E2B0A0201008B6005 /* LogoAnimationVC.swift */; };
		598C11412B0A021B008B6005 /* MainRootVC.swift in Sources */ = {isa = PBXBuildFile; fileRef = 598C11402B0A021B008B6005 /* MainRootVC.swift */; };
		598C11432B0A0BBB008B6005 /* Extension.swift in Sources */ = {isa = PBXBuildFile; fileRef = 598C11422B0A0BBB008B6005 /* Extension.swift */; };
		598C11472B0A0C61008B6005 /* AskLocationPremissionVC.swift in Sources */ = {isa = PBXBuildFile; fileRef = 598C11462B0A0C61008B6005 /* AskLocationPremissionVC.swift */; };
		598C11492B0A0C71008B6005 /* AskLocationPremission.storyboard in Resources */ = {isa = PBXBuildFile; fileRef = 598C11482B0A0C71008B6005 /* AskLocationPremission.storyboard */; };
		598C114B2B0A0D9E008B6005 /* Common.swift in Sources */ = {isa = PBXBuildFile; fileRef = 598C114A2B0A0D9E008B6005 /* Common.swift */; };
		598C114F2B0A0E3F008B6005 /* LocationManager.swift in Sources */ = {isa = PBXBuildFile; fileRef = 598C114E2B0A0E3F008B6005 /* LocationManager.swift */; };
		598C11722B11D326008B6005 /* LoginVC.swift in Sources */ = {isa = PBXBuildFile; fileRef = 598C11712B11D326008B6005 /* LoginVC.swift */; };
		598C11742B11D334008B6005 /* Login.storyboard in Resources */ = {isa = PBXBuildFile; fileRef = 598C11732B11D334008B6005 /* Login.storyboard */; };
		598C11762B11DEF4008B6005 /* PhoneTextFieldView.swift in Sources */ = {isa = PBXBuildFile; fileRef = 598C11752B11DEF4008B6005 /* PhoneTextFieldView.swift */; };
		598C11782B11DF7B008B6005 /* PhoneTextFieldView.xib in Resources */ = {isa = PBXBuildFile; fileRef = 598C11772B11DF7B008B6005 /* PhoneTextFieldView.xib */; };
		598C11802B11F9B1008B6005 /* VerificationCodeVC.swift in Sources */ = {isa = PBXBuildFile; fileRef = 598C117F2B11F9B1008B6005 /* VerificationCodeVC.swift */; };
		598C11822B11F9BD008B6005 /* VerificationCode.storyboard in Resources */ = {isa = PBXBuildFile; fileRef = 598C11812B11F9BD008B6005 /* VerificationCode.storyboard */; };
		598C11852B11FB35008B6005 /* WaitingListVC.swift in Sources */ = {isa = PBXBuildFile; fileRef = 598C11842B11FB35008B6005 /* WaitingListVC.swift */; };
		598C11872B11FB3C008B6005 /* WaitingList.storyboard in Resources */ = {isa = PBXBuildFile; fileRef = 598C11862B11FB3C008B6005 /* WaitingList.storyboard */; };
		598C118B2B11FC29008B6005 /* MainTabBarController.swift in Sources */ = {isa = PBXBuildFile; fileRef = 598C118A2B11FC29008B6005 /* MainTabBarController.swift */; };
		598C118D2B120183008B6005 /* VerificationCodeTextFieldView.swift in Sources */ = {isa = PBXBuildFile; fileRef = 598C118C2B120183008B6005 /* VerificationCodeTextFieldView.swift */; };
		598C118F2B1201D4008B6005 /* VerificationCodeTextFieldView.xib in Resources */ = {isa = PBXBuildFile; fileRef = 598C118E2B1201D4008B6005 /* VerificationCodeTextFieldView.xib */; };
		598D35062B466FE200B4B7CF /* BusinessTimeTableViewHeaderCell.swift in Sources */ = {isa = PBXBuildFile; fileRef = 598D35052B466FE200B4B7CF /* BusinessTimeTableViewHeaderCell.swift */; };
		598D350E2B468FEC00B4B7CF /* StoreInfoProfileTableViewCell.swift in Sources */ = {isa = PBXBuildFile; fileRef = 598D350D2B468FEC00B4B7CF /* StoreInfoProfileTableViewCell.swift */; };
		598D35102B46945900B4B7CF /* StoreInfoIntroduceTableViewCell.swift in Sources */ = {isa = PBXBuildFile; fileRef = 598D350F2B46945900B4B7CF /* StoreInfoIntroduceTableViewCell.swift */; };
		598D35142B46A1BC00B4B7CF /* StoreInfoTableViewProfileHeaderView.xib in Resources */ = {isa = PBXBuildFile; fileRef = 598D35132B46A1BC00B4B7CF /* StoreInfoTableViewProfileHeaderView.xib */; };
		598D35162B46A80300B4B7CF /* StoreInfoTableViewHeaderView.swift in Sources */ = {isa = PBXBuildFile; fileRef = 598D35152B46A80300B4B7CF /* StoreInfoTableViewHeaderView.swift */; };
		598D35182B46A83100B4B7CF /* StoreInfoTableViewProfileHeaderView.swift in Sources */ = {isa = PBXBuildFile; fileRef = 598D35172B46A83100B4B7CF /* StoreInfoTableViewProfileHeaderView.swift */; };
		598D351A2B46A8A100B4B7CF /* StoreInfoTableViewHeaderView.xib in Resources */ = {isa = PBXBuildFile; fileRef = 598D35192B46A8A100B4B7CF /* StoreInfoTableViewHeaderView.xib */; };
		598D351C2B46AAA200B4B7CF /* StoreInfoMapTableViewCell.swift in Sources */ = {isa = PBXBuildFile; fileRef = 598D351B2B46AAA200B4B7CF /* StoreInfoMapTableViewCell.swift */; };
		598D351E2B46AD4400B4B7CF /* StoreInfoTableViewFooterView.swift in Sources */ = {isa = PBXBuildFile; fileRef = 598D351D2B46AD4400B4B7CF /* StoreInfoTableViewFooterView.swift */; };
		598D35202B46AD4F00B4B7CF /* StoreInfoTableViewFooterView.xib in Resources */ = {isa = PBXBuildFile; fileRef = 598D351F2B46AD4F00B4B7CF /* StoreInfoTableViewFooterView.xib */; };
		598D35222B46AF7600B4B7CF /* StoreInfoHeaderView.swift in Sources */ = {isa = PBXBuildFile; fileRef = 598D35212B46AF7600B4B7CF /* StoreInfoHeaderView.swift */; };
		598D35242B46AF8200B4B7CF /* StoreInfoHeaderView.xib in Resources */ = {isa = PBXBuildFile; fileRef = 598D35232B46AF8200B4B7CF /* StoreInfoHeaderView.xib */; };
		598D35262B46B1B700B4B7CF /* StoreInfoTableViewCell.swift in Sources */ = {isa = PBXBuildFile; fileRef = 598D35252B46B1B700B4B7CF /* StoreInfoTableViewCell.swift */; };
		598D35282B46B71F00B4B7CF /* BusinessTimeCurrentDayTableViewCell.swift in Sources */ = {isa = PBXBuildFile; fileRef = 598D35272B46B71F00B4B7CF /* BusinessTimeCurrentDayTableViewCell.swift */; };
		59E8A62A2B259AD4005E58A2 /* ADTableViewCell.swift in Sources */ = {isa = PBXBuildFile; fileRef = 59E8A6292B259AD4005E58A2 /* ADTableViewCell.swift */; };
		59E8A62D2B25ADB5005E58A2 /* ProfileVC.swift in Sources */ = {isa = PBXBuildFile; fileRef = 59E8A62C2B25ADB5005E58A2 /* ProfileVC.swift */; };
		59E8A62F2B25ADCB005E58A2 /* Profile.storyboard in Resources */ = {isa = PBXBuildFile; fileRef = 59E8A62E2B25ADCB005E58A2 /* Profile.storyboard */; };
		5EA3167084794A8F7445E6FC /* Pods_Fylgja.framework in Frameworks */ = {isa = PBXBuildFile; fileRef = 457C2AA00D3A4047D4455BF9 /* Pods_Fylgja.framework */; };
/* End PBXBuildFile section */

/* Begin PBXFileReference section */
		05AD21D38A8B359F29A3A8AF /* Pods-Fylgja.release.xcconfig */ = {isa = PBXFileReference; includeInIndex = 1; lastKnownFileType = text.xcconfig; name = "Pods-Fylgja.release.xcconfig"; path = "Target Support Files/Pods-Fylgja/Pods-Fylgja.release.xcconfig"; sourceTree = "<group>"; };
		457C2AA00D3A4047D4455BF9 /* Pods_Fylgja.framework */ = {isa = PBXFileReference; explicitFileType = wrapper.framework; includeInIndex = 0; path = Pods_Fylgja.framework; sourceTree = BUILT_PRODUCTS_DIR; };
		5964A5892B2D7D420004C53D /* FilterVC.swift */ = {isa = PBXFileReference; lastKnownFileType = sourcecode.swift; path = FilterVC.swift; sourceTree = "<group>"; };
		5964A58B2B2D84FF0004C53D /* Filter.storyboard */ = {isa = PBXFileReference; lastKnownFileType = file.storyboard; path = Filter.storyboard; sourceTree = "<group>"; };
		5964A58E2B2D90E00004C53D /* CalculateView.swift */ = {isa = PBXFileReference; lastKnownFileType = sourcecode.swift; path = CalculateView.swift; sourceTree = "<group>"; };
		5964A5902B2D91020004C53D /* CalculateView.xib */ = {isa = PBXFileReference; lastKnownFileType = file.xib; path = CalculateView.xib; sourceTree = "<group>"; };
		5964A5922B2D9A1B0004C53D /* TagCollectionViewCell.swift */ = {isa = PBXFileReference; lastKnownFileType = sourcecode.swift; path = TagCollectionViewCell.swift; sourceTree = "<group>"; };
		5964A5932B2D9A1B0004C53D /* TagCollectionViewCell.xib */ = {isa = PBXFileReference; lastKnownFileType = file.xib; path = TagCollectionViewCell.xib; sourceTree = "<group>"; };
		5964A5962B2D9D190004C53D /* FilterModel.swift */ = {isa = PBXFileReference; lastKnownFileType = sourcecode.swift; path = FilterModel.swift; sourceTree = "<group>"; };
		5964A5982B2DAE5A0004C53D /* FlexibleSteppedProgressBarView.swift */ = {isa = PBXFileReference; lastKnownFileType = sourcecode.swift; path = FlexibleSteppedProgressBarView.swift; sourceTree = "<group>"; };
		5964A59A2B2DAE770004C53D /* FlexibleSteppedProgressBarView.xib */ = {isa = PBXFileReference; lastKnownFileType = file.xib; path = FlexibleSteppedProgressBarView.xib; sourceTree = "<group>"; };
		5964A5A22B2EE3260004C53D /* StoreInfoVC.swift */ = {isa = PBXFileReference; lastKnownFileType = sourcecode.swift; path = StoreInfoVC.swift; sourceTree = "<group>"; };
		5964A5A42B2EE3690004C53D /* StoreInfo.storyboard */ = {isa = PBXFileReference; lastKnownFileType = file.storyboard; path = StoreInfo.storyboard; sourceTree = "<group>"; };
		5964A5A82B43E0160004C53D /* ConnectInfoView.swift */ = {isa = PBXFileReference; lastKnownFileType = sourcecode.swift; path = ConnectInfoView.swift; sourceTree = "<group>"; };
		5964A5AA2B43E04F0004C53D /* ConnectInfoView.xib */ = {isa = PBXFileReference; lastKnownFileType = file.xib; path = ConnectInfoView.xib; sourceTree = "<group>"; };
		5964A5D02B451AD50004C53D /* BusinessTimeTableViewCell.swift */ = {isa = PBXFileReference; lastKnownFileType = sourcecode.swift; path = BusinessTimeTableViewCell.swift; sourceTree = "<group>"; };
		598A97F22B1B286F0041EB31 /* LogoVC.swift */ = {isa = PBXFileReference; lastKnownFileType = sourcecode.swift; path = LogoVC.swift; sourceTree = "<group>"; };
		598A97F42B1B287B0041EB31 /* Logo.storyboard */ = {isa = PBXFileReference; lastKnownFileType = file.storyboard; path = Logo.storyboard; sourceTree = "<group>"; };
		598A97F62B1C66DA0041EB31 /* CustomVC.swift */ = {isa = PBXFileReference; lastKnownFileType = sourcecode.swift; path = CustomVC.swift; sourceTree = "<group>"; };
		598A97F82B1C680B0041EB31 /* CustomRootVC.swift */ = {isa = PBXFileReference; fileEncoding = 4; lastKnownFileType = sourcecode.swift; path = CustomRootVC.swift; sourceTree = "<group>"; };
		598A97FA2B1C689C0041EB31 /* WaitingTableViewCell.swift */ = {isa = PBXFileReference; lastKnownFileType = sourcecode.swift; path = WaitingTableViewCell.swift; sourceTree = "<group>"; };
		598A98022B1C885E0041EB31 /* ScanBtn.swift */ = {isa = PBXFileReference; lastKnownFileType = sourcecode.swift; path = ScanBtn.swift; sourceTree = "<group>"; };
		598A98042B1C88770041EB31 /* ScanBtn.xib */ = {isa = PBXFileReference; lastKnownFileType = file.xib; path = ScanBtn.xib; sourceTree = "<group>"; };
		598A98082B22FB410041EB31 /* StoreListVC.swift */ = {isa = PBXFileReference; lastKnownFileType = sourcecode.swift; path = StoreListVC.swift; sourceTree = "<group>"; };
		598A980A2B22FBE20041EB31 /* StoreList.storyboard */ = {isa = PBXFileReference; lastKnownFileType = file.storyboard; path = StoreList.storyboard; sourceTree = "<group>"; };
		598A980C2B22FE560041EB31 /* SearchView.swift */ = {isa = PBXFileReference; lastKnownFileType = sourcecode.swift; path = SearchView.swift; sourceTree = "<group>"; };
		598A980E2B22FE890041EB31 /* SearchView.xib */ = {isa = PBXFileReference; lastKnownFileType = file.xib; path = SearchView.xib; sourceTree = "<group>"; };
		598A98102B23134C0041EB31 /* StoreListTableViewCell.swift */ = {isa = PBXFileReference; lastKnownFileType = sourcecode.swift; path = StoreListTableViewCell.swift; sourceTree = "<group>"; };
		598A98122B231AA20041EB31 /* WaitStatusView.swift */ = {isa = PBXFileReference; lastKnownFileType = sourcecode.swift; path = WaitStatusView.swift; sourceTree = "<group>"; };
		598A98142B231AAE0041EB31 /* WaitStatusView.xib */ = {isa = PBXFileReference; lastKnownFileType = file.xib; path = WaitStatusView.xib; sourceTree = "<group>"; };
		598A98162B23EFA70041EB31 /* TagView.swift */ = {isa = PBXFileReference; lastKnownFileType = sourcecode.swift; path = TagView.swift; sourceTree = "<group>"; };
		598A98182B23EFE40041EB31 /* TagView.xib */ = {isa = PBXFileReference; lastKnownFileType = file.xib; path = TagView.xib; sourceTree = "<group>"; };
		598C11272B0A011F008B6005 /* Fylgja.app */ = {isa = PBXFileReference; explicitFileType = wrapper.application; includeInIndex = 0; path = Fylgja.app; sourceTree = BUILT_PRODUCTS_DIR; };
		598C112A2B0A011F008B6005 /* AppDelegate.swift */ = {isa = PBXFileReference; lastKnownFileType = sourcecode.swift; path = AppDelegate.swift; sourceTree = "<group>"; };
		598C112C2B0A011F008B6005 /* SceneDelegate.swift */ = {isa = PBXFileReference; lastKnownFileType = sourcecode.swift; path = SceneDelegate.swift; sourceTree = "<group>"; };
		598C112E2B0A011F008B6005 /* ViewController.swift */ = {isa = PBXFileReference; lastKnownFileType = sourcecode.swift; path = ViewController.swift; sourceTree = "<group>"; };
		598C11312B0A011F008B6005 /* Base */ = {isa = PBXFileReference; lastKnownFileType = file.storyboard; name = Base; path = Base.lproj/Main.storyboard; sourceTree = "<group>"; };
		598C11332B0A0120008B6005 /* Assets.xcassets */ = {isa = PBXFileReference; lastKnownFileType = folder.assetcatalog; path = Assets.xcassets; sourceTree = "<group>"; };
		598C11362B0A0120008B6005 /* Base */ = {isa = PBXFileReference; lastKnownFileType = file.storyboard; name = Base; path = Base.lproj/LaunchScreen.storyboard; sourceTree = "<group>"; };
		598C11382B0A0120008B6005 /* Info.plist */ = {isa = PBXFileReference; lastKnownFileType = text.plist.xml; path = Info.plist; sourceTree = "<group>"; };
		598C113E2B0A0201008B6005 /* LogoAnimationVC.swift */ = {isa = PBXFileReference; fileEncoding = 4; lastKnownFileType = sourcecode.swift; path = LogoAnimationVC.swift; sourceTree = "<group>"; };
		598C11402B0A021B008B6005 /* MainRootVC.swift */ = {isa = PBXFileReference; fileEncoding = 4; lastKnownFileType = sourcecode.swift; path = MainRootVC.swift; sourceTree = "<group>"; };
		598C11422B0A0BBB008B6005 /* Extension.swift */ = {isa = PBXFileReference; fileEncoding = 4; lastKnownFileType = sourcecode.swift; path = Extension.swift; sourceTree = "<group>"; };
		598C11462B0A0C61008B6005 /* AskLocationPremissionVC.swift */ = {isa = PBXFileReference; lastKnownFileType = sourcecode.swift; path = AskLocationPremissionVC.swift; sourceTree = "<group>"; };
		598C11482B0A0C71008B6005 /* AskLocationPremission.storyboard */ = {isa = PBXFileReference; lastKnownFileType = file.storyboard; path = AskLocationPremission.storyboard; sourceTree = "<group>"; };
		598C114A2B0A0D9E008B6005 /* Common.swift */ = {isa = PBXFileReference; lastKnownFileType = sourcecode.swift; path = Common.swift; sourceTree = "<group>"; };
		598C114E2B0A0E3F008B6005 /* LocationManager.swift */ = {isa = PBXFileReference; lastKnownFileType = sourcecode.swift; path = LocationManager.swift; sourceTree = "<group>"; };
		598C11712B11D326008B6005 /* LoginVC.swift */ = {isa = PBXFileReference; lastKnownFileType = sourcecode.swift; path = LoginVC.swift; sourceTree = "<group>"; };
		598C11732B11D334008B6005 /* Login.storyboard */ = {isa = PBXFileReference; lastKnownFileType = file.storyboard; path = Login.storyboard; sourceTree = "<group>"; };
		598C11752B11DEF4008B6005 /* PhoneTextFieldView.swift */ = {isa = PBXFileReference; lastKnownFileType = sourcecode.swift; path = PhoneTextFieldView.swift; sourceTree = "<group>"; };
		598C11772B11DF7B008B6005 /* PhoneTextFieldView.xib */ = {isa = PBXFileReference; lastKnownFileType = file.xib; path = PhoneTextFieldView.xib; sourceTree = "<group>"; };
		598C117F2B11F9B1008B6005 /* VerificationCodeVC.swift */ = {isa = PBXFileReference; lastKnownFileType = sourcecode.swift; path = VerificationCodeVC.swift; sourceTree = "<group>"; };
		598C11812B11F9BD008B6005 /* VerificationCode.storyboard */ = {isa = PBXFileReference; lastKnownFileType = file.storyboard; path = VerificationCode.storyboard; sourceTree = "<group>"; };
		598C11842B11FB35008B6005 /* WaitingListVC.swift */ = {isa = PBXFileReference; lastKnownFileType = sourcecode.swift; path = WaitingListVC.swift; sourceTree = "<group>"; };
		598C11862B11FB3C008B6005 /* WaitingList.storyboard */ = {isa = PBXFileReference; lastKnownFileType = file.storyboard; path = WaitingList.storyboard; sourceTree = "<group>"; };
		598C118A2B11FC29008B6005 /* MainTabBarController.swift */ = {isa = PBXFileReference; lastKnownFileType = sourcecode.swift; path = MainTabBarController.swift; sourceTree = "<group>"; };
		598C118C2B120183008B6005 /* VerificationCodeTextFieldView.swift */ = {isa = PBXFileReference; lastKnownFileType = sourcecode.swift; path = VerificationCodeTextFieldView.swift; sourceTree = "<group>"; };
		598C118E2B1201D4008B6005 /* VerificationCodeTextFieldView.xib */ = {isa = PBXFileReference; lastKnownFileType = file.xib; path = VerificationCodeTextFieldView.xib; sourceTree = "<group>"; };
		598D35052B466FE200B4B7CF /* BusinessTimeTableViewHeaderCell.swift */ = {isa = PBXFileReference; lastKnownFileType = sourcecode.swift; path = BusinessTimeTableViewHeaderCell.swift; sourceTree = "<group>"; };
		598D350D2B468FEC00B4B7CF /* StoreInfoProfileTableViewCell.swift */ = {isa = PBXFileReference; lastKnownFileType = sourcecode.swift; path = StoreInfoProfileTableViewCell.swift; sourceTree = "<group>"; };
		598D350F2B46945900B4B7CF /* StoreInfoIntroduceTableViewCell.swift */ = {isa = PBXFileReference; lastKnownFileType = sourcecode.swift; path = StoreInfoIntroduceTableViewCell.swift; sourceTree = "<group>"; };
		598D35132B46A1BC00B4B7CF /* StoreInfoTableViewProfileHeaderView.xib */ = {isa = PBXFileReference; lastKnownFileType = file.xib; path = StoreInfoTableViewProfileHeaderView.xib; sourceTree = "<group>"; };
		598D35152B46A80300B4B7CF /* StoreInfoTableViewHeaderView.swift */ = {isa = PBXFileReference; lastKnownFileType = sourcecode.swift; path = StoreInfoTableViewHeaderView.swift; sourceTree = "<group>"; };
		598D35172B46A83100B4B7CF /* StoreInfoTableViewProfileHeaderView.swift */ = {isa = PBXFileReference; lastKnownFileType = sourcecode.swift; path = StoreInfoTableViewProfileHeaderView.swift; sourceTree = "<group>"; };
		598D35192B46A8A100B4B7CF /* StoreInfoTableViewHeaderView.xib */ = {isa = PBXFileReference; lastKnownFileType = file.xib; path = StoreInfoTableViewHeaderView.xib; sourceTree = "<group>"; };
		598D351B2B46AAA200B4B7CF /* StoreInfoMapTableViewCell.swift */ = {isa = PBXFileReference; lastKnownFileType = sourcecode.swift; path = StoreInfoMapTableViewCell.swift; sourceTree = "<group>"; };
		598D351D2B46AD4400B4B7CF /* StoreInfoTableViewFooterView.swift */ = {isa = PBXFileReference; lastKnownFileType = sourcecode.swift; path = StoreInfoTableViewFooterView.swift; sourceTree = "<group>"; };
		598D351F2B46AD4F00B4B7CF /* StoreInfoTableViewFooterView.xib */ = {isa = PBXFileReference; lastKnownFileType = file.xib; path = StoreInfoTableViewFooterView.xib; sourceTree = "<group>"; };
		598D35212B46AF7600B4B7CF /* StoreInfoHeaderView.swift */ = {isa = PBXFileReference; lastKnownFileType = sourcecode.swift; path = StoreInfoHeaderView.swift; sourceTree = "<group>"; };
		598D35232B46AF8200B4B7CF /* StoreInfoHeaderView.xib */ = {isa = PBXFileReference; lastKnownFileType = file.xib; path = StoreInfoHeaderView.xib; sourceTree = "<group>"; };
		598D35252B46B1B700B4B7CF /* StoreInfoTableViewCell.swift */ = {isa = PBXFileReference; lastKnownFileType = sourcecode.swift; path = StoreInfoTableViewCell.swift; sourceTree = "<group>"; };
		598D35272B46B71F00B4B7CF /* BusinessTimeCurrentDayTableViewCell.swift */ = {isa = PBXFileReference; lastKnownFileType = sourcecode.swift; path = BusinessTimeCurrentDayTableViewCell.swift; sourceTree = "<group>"; };
		59E8A6292B259AD4005E58A2 /* ADTableViewCell.swift */ = {isa = PBXFileReference; lastKnownFileType = sourcecode.swift; path = ADTableViewCell.swift; sourceTree = "<group>"; };
		59E8A62C2B25ADB5005E58A2 /* ProfileVC.swift */ = {isa = PBXFileReference; lastKnownFileType = sourcecode.swift; path = ProfileVC.swift; sourceTree = "<group>"; };
		59E8A62E2B25ADCB005E58A2 /* Profile.storyboard */ = {isa = PBXFileReference; lastKnownFileType = file.storyboard; path = Profile.storyboard; sourceTree = "<group>"; };
		F346B91F01D0E16B37F8D4F5 /* Pods-Fylgja.debug.xcconfig */ = {isa = PBXFileReference; includeInIndex = 1; lastKnownFileType = text.xcconfig; name = "Pods-Fylgja.debug.xcconfig"; path = "Target Support Files/Pods-Fylgja/Pods-Fylgja.debug.xcconfig"; sourceTree = "<group>"; };
/* End PBXFileReference section */

/* Begin PBXFrameworksBuildPhase section */
		598C11242B0A011F008B6005 /* Frameworks */ = {
			isa = PBXFrameworksBuildPhase;
			buildActionMask = 2147483647;
			files = (
				5EA3167084794A8F7445E6FC /* Pods_Fylgja.framework in Frameworks */,
			);
			runOnlyForDeploymentPostprocessing = 0;
		};
/* End PBXFrameworksBuildPhase section */

/* Begin PBXGroup section */
		5964A58D2B2D86C10004C53D /* Filter */ = {
			isa = PBXGroup;
			children = (
				5964A5962B2D9D190004C53D /* FilterModel.swift */,
				5964A5892B2D7D420004C53D /* FilterVC.swift */,
				5964A58B2B2D84FF0004C53D /* Filter.storyboard */,
				5964A5922B2D9A1B0004C53D /* TagCollectionViewCell.swift */,
				5964A5932B2D9A1B0004C53D /* TagCollectionViewCell.xib */,
			);
			path = Filter;
			sourceTree = "<group>";
		};
		5964A5A12B2EE30D0004C53D /* StoreInfo */ = {
			isa = PBXGroup;
			children = (
				5964A5A22B2EE3260004C53D /* StoreInfoVC.swift */,
				5964A5A42B2EE3690004C53D /* StoreInfo.storyboard */,
				598D35172B46A83100B4B7CF /* StoreInfoTableViewProfileHeaderView.swift */,
				598D35132B46A1BC00B4B7CF /* StoreInfoTableViewProfileHeaderView.xib */,
				598D35152B46A80300B4B7CF /* StoreInfoTableViewHeaderView.swift */,
				598D35192B46A8A100B4B7CF /* StoreInfoTableViewHeaderView.xib */,
				598D35212B46AF7600B4B7CF /* StoreInfoHeaderView.swift */,
				598D35232B46AF8200B4B7CF /* StoreInfoHeaderView.xib */,
				598D351D2B46AD4400B4B7CF /* StoreInfoTableViewFooterView.swift */,
				598D351F2B46AD4F00B4B7CF /* StoreInfoTableViewFooterView.xib */,
				598D35272B46B71F00B4B7CF /* BusinessTimeCurrentDayTableViewCell.swift */,
				598D35252B46B1B700B4B7CF /* StoreInfoTableViewCell.swift */,
				598D350D2B468FEC00B4B7CF /* StoreInfoProfileTableViewCell.swift */,
				598D350F2B46945900B4B7CF /* StoreInfoIntroduceTableViewCell.swift */,
				598D351B2B46AAA200B4B7CF /* StoreInfoMapTableViewCell.swift */,
				5964A5D02B451AD50004C53D /* BusinessTimeTableViewCell.swift */,
				598D35052B466FE200B4B7CF /* BusinessTimeTableViewHeaderCell.swift */,
				5964A5A82B43E0160004C53D /* ConnectInfoView.swift */,
				5964A5AA2B43E04F0004C53D /* ConnectInfoView.xib */,
			);
			path = StoreInfo;
			sourceTree = "<group>";
		};
		598A97F12B1B285B0041EB31 /* Logo */ = {
			isa = PBXGroup;
			children = (
				598A97F22B1B286F0041EB31 /* LogoVC.swift */,
				598A97F42B1B287B0041EB31 /* Logo.storyboard */,
			);
			path = Logo;
			sourceTree = "<group>";
		};
		598A98062B1C92A00041EB31 /* Scan */ = {
			isa = PBXGroup;
			children = (
			);
			path = Scan;
			sourceTree = "<group>";
		};
		598A98072B22FB240041EB31 /* StoreList */ = {
			isa = PBXGroup;
			children = (
				598A98082B22FB410041EB31 /* StoreListVC.swift */,
				598A980A2B22FBE20041EB31 /* StoreList.storyboard */,
				598A98102B23134C0041EB31 /* StoreListTableViewCell.swift */,
				598A980C2B22FE560041EB31 /* SearchView.swift */,
				598A980E2B22FE890041EB31 /* SearchView.xib */,
				5964A58D2B2D86C10004C53D /* Filter */,
				5964A5982B2DAE5A0004C53D /* FlexibleSteppedProgressBarView.swift */,
				5964A59A2B2DAE770004C53D /* FlexibleSteppedProgressBarView.xib */,
			);
			path = StoreList;
			sourceTree = "<group>";
		};
		598C111E2B0A011F008B6005 = {
			isa = PBXGroup;
			children = (
				598C11292B0A011F008B6005 /* Fylgja */,
				598C11282B0A011F008B6005 /* Products */,
				9B96D7FC7260420A3A682ABD /* Pods */,
				D6EDABC95D49B6217E47B83E /* Frameworks */,
			);
			sourceTree = "<group>";
		};
		598C11282B0A011F008B6005 /* Products */ = {
			isa = PBXGroup;
			children = (
				598C11272B0A011F008B6005 /* Fylgja.app */,
			);
			name = Products;
			sourceTree = "<group>";
		};
		598C11292B0A011F008B6005 /* Fylgja */ = {
			isa = PBXGroup;
			children = (
				598C112A2B0A011F008B6005 /* AppDelegate.swift */,
				598C112C2B0A011F008B6005 /* SceneDelegate.swift */,
				598C112E2B0A011F008B6005 /* ViewController.swift */,
				598C11302B0A011F008B6005 /* Main.storyboard */,
				598C113E2B0A0201008B6005 /* LogoAnimationVC.swift */,
				598C11402B0A021B008B6005 /* MainRootVC.swift */,
				598C11422B0A0BBB008B6005 /* Extension.swift */,
				598C114A2B0A0D9E008B6005 /* Common.swift */,
				598C114E2B0A0E3F008B6005 /* LocationManager.swift */,
				598C118A2B11FC29008B6005 /* MainTabBarController.swift */,
				598A97F82B1C680B0041EB31 /* CustomRootVC.swift */,
				598A97F62B1C66DA0041EB31 /* CustomVC.swift */,
				5964A5A12B2EE30D0004C53D /* StoreInfo */,
				59E8A62B2B25AD8B005E58A2 /* Profile */,
				598A98072B22FB240041EB31 /* StoreList */,
				598A98062B1C92A00041EB31 /* Scan */,
				598A97F12B1B285B0041EB31 /* Logo */,
				598C11832B11FB1A008B6005 /* WaitingList */,
				598C117E2B11F9A2008B6005 /* VerificationCode */,
				598C11702B11D30E008B6005 /* Login */,
				598C11452B0A0C1E008B6005 /* AskLocationPremission */,
				598C11442B0A0BC7008B6005 /* CommonUI */,
				598C11332B0A0120008B6005 /* Assets.xcassets */,
				598C11352B0A0120008B6005 /* LaunchScreen.storyboard */,
				598C11382B0A0120008B6005 /* Info.plist */,
			);
			path = Fylgja;
			sourceTree = "<group>";
		};
		598C11442B0A0BC7008B6005 /* CommonUI */ = {
			isa = PBXGroup;
			children = (
				598A98022B1C885E0041EB31 /* ScanBtn.swift */,
				598A98042B1C88770041EB31 /* ScanBtn.xib */,
				598A98122B231AA20041EB31 /* WaitStatusView.swift */,
				598A98142B231AAE0041EB31 /* WaitStatusView.xib */,
				598A98162B23EFA70041EB31 /* TagView.swift */,
				598A98182B23EFE40041EB31 /* TagView.xib */,
				59E8A6292B259AD4005E58A2 /* ADTableViewCell.swift */,
				5964A58E2B2D90E00004C53D /* CalculateView.swift */,
				5964A5902B2D91020004C53D /* CalculateView.xib */,
			);
			path = CommonUI;
			sourceTree = "<group>";
		};
		598C11452B0A0C1E008B6005 /* AskLocationPremission */ = {
			isa = PBXGroup;
			children = (
				598C11462B0A0C61008B6005 /* AskLocationPremissionVC.swift */,
				598C11482B0A0C71008B6005 /* AskLocationPremission.storyboard */,
			);
			path = AskLocationPremission;
			sourceTree = "<group>";
		};
		598C11702B11D30E008B6005 /* Login */ = {
			isa = PBXGroup;
			children = (
				598C11712B11D326008B6005 /* LoginVC.swift */,
				598C11732B11D334008B6005 /* Login.storyboard */,
				598C11752B11DEF4008B6005 /* PhoneTextFieldView.swift */,
				598C11772B11DF7B008B6005 /* PhoneTextFieldView.xib */,
			);
			path = Login;
			sourceTree = "<group>";
		};
		598C117E2B11F9A2008B6005 /* VerificationCode */ = {
			isa = PBXGroup;
			children = (
				598C117F2B11F9B1008B6005 /* VerificationCodeVC.swift */,
				598C11812B11F9BD008B6005 /* VerificationCode.storyboard */,
				598C118C2B120183008B6005 /* VerificationCodeTextFieldView.swift */,
				598C118E2B1201D4008B6005 /* VerificationCodeTextFieldView.xib */,
			);
			path = VerificationCode;
			sourceTree = "<group>";
		};
		598C11832B11FB1A008B6005 /* WaitingList */ = {
			isa = PBXGroup;
			children = (
				598C11842B11FB35008B6005 /* WaitingListVC.swift */,
				598C11862B11FB3C008B6005 /* WaitingList.storyboard */,
				598A97FA2B1C689C0041EB31 /* WaitingTableViewCell.swift */,
			);
			path = WaitingList;
			sourceTree = "<group>";
		};
		59E8A62B2B25AD8B005E58A2 /* Profile */ = {
			isa = PBXGroup;
			children = (
				59E8A62C2B25ADB5005E58A2 /* ProfileVC.swift */,
				59E8A62E2B25ADCB005E58A2 /* Profile.storyboard */,
			);
			path = Profile;
			sourceTree = "<group>";
		};
		9B96D7FC7260420A3A682ABD /* Pods */ = {
			isa = PBXGroup;
			children = (
				F346B91F01D0E16B37F8D4F5 /* Pods-Fylgja.debug.xcconfig */,
				05AD21D38A8B359F29A3A8AF /* Pods-Fylgja.release.xcconfig */,
			);
			path = Pods;
			sourceTree = "<group>";
		};
		D6EDABC95D49B6217E47B83E /* Frameworks */ = {
			isa = PBXGroup;
			children = (
				457C2AA00D3A4047D4455BF9 /* Pods_Fylgja.framework */,
			);
			name = Frameworks;
			sourceTree = "<group>";
		};
/* End PBXGroup section */

/* Begin PBXNativeTarget section */
		598C11262B0A011F008B6005 /* Fylgja */ = {
			isa = PBXNativeTarget;
			buildConfigurationList = 598C113B2B0A0120008B6005 /* Build configuration list for PBXNativeTarget "Fylgja" */;
			buildPhases = (
				7D7B7A4EC00396CA171060E7 /* [CP] Check Pods Manifest.lock */,
				598C11232B0A011F008B6005 /* Sources */,
				598C11242B0A011F008B6005 /* Frameworks */,
				598C11252B0A011F008B6005 /* Resources */,
				DFCB1751E56B59050F605B9C /* [CP] Embed Pods Frameworks */,
				F7A90444E05191D009FAE55F /* [CP] Copy Pods Resources */,
			);
			buildRules = (
			);
			dependencies = (
			);
			name = Fylgja;
			productName = Fylgja;
			productReference = 598C11272B0A011F008B6005 /* Fylgja.app */;
			productType = "com.apple.product-type.application";
		};
/* End PBXNativeTarget section */

/* Begin PBXProject section */
		598C111F2B0A011F008B6005 /* Project object */ = {
			isa = PBXProject;
			attributes = {
				BuildIndependentTargetsInParallel = 1;
				LastSwiftUpdateCheck = 1420;
				LastUpgradeCheck = 1420;
				TargetAttributes = {
					598C11262B0A011F008B6005 = {
						CreatedOnToolsVersion = 14.2;
					};
				};
			};
			buildConfigurationList = 598C11222B0A011F008B6005 /* Build configuration list for PBXProject "Fylgja" */;
			compatibilityVersion = "Xcode 14.0";
			developmentRegion = en;
			hasScannedForEncodings = 0;
			knownRegions = (
				en,
				Base,
			);
			mainGroup = 598C111E2B0A011F008B6005;
			productRefGroup = 598C11282B0A011F008B6005 /* Products */;
			projectDirPath = "";
			projectRoot = "";
			targets = (
				598C11262B0A011F008B6005 /* Fylgja */,
			);
		};
/* End PBXProject section */

/* Begin PBXResourcesBuildPhase section */
		598C11252B0A011F008B6005 /* Resources */ = {
			isa = PBXResourcesBuildPhase;
			buildActionMask = 2147483647;
			files = (
				598C11822B11F9BD008B6005 /* VerificationCode.storyboard in Resources */,
				598A98192B23EFE40041EB31 /* TagView.xib in Resources */,
				598D351A2B46A8A100B4B7CF /* StoreInfoTableViewHeaderView.xib in Resources */,
				5964A58C2B2D84FF0004C53D /* Filter.storyboard in Resources */,
				598C11492B0A0C71008B6005 /* AskLocationPremission.storyboard in Resources */,
				598C11782B11DF7B008B6005 /* PhoneTextFieldView.xib in Resources */,
				598A97F52B1B287B0041EB31 /* Logo.storyboard in Resources */,
				5964A5A52B2EE36A0004C53D /* StoreInfo.storyboard in Resources */,
				598A980B2B22FBE20041EB31 /* StoreList.storyboard in Resources */,
				598A980F2B22FE890041EB31 /* SearchView.xib in Resources */,
				598C11372B0A0120008B6005 /* LaunchScreen.storyboard in Resources */,
				598C11872B11FB3C008B6005 /* WaitingList.storyboard in Resources */,
				598C11342B0A0120008B6005 /* Assets.xcassets in Resources */,
				598D35242B46AF8200B4B7CF /* StoreInfoHeaderView.xib in Resources */,
				5964A5912B2D91020004C53D /* CalculateView.xib in Resources */,
				59E8A62F2B25ADCB005E58A2 /* Profile.storyboard in Resources */,
				598A98052B1C88770041EB31 /* ScanBtn.xib in Resources */,
				5964A5952B2D9A1B0004C53D /* TagCollectionViewCell.xib in Resources */,
				598C11742B11D334008B6005 /* Login.storyboard in Resources */,
				5964A59B2B2DAE770004C53D /* FlexibleSteppedProgressBarView.xib in Resources */,
				598A98152B231AAE0041EB31 /* WaitStatusView.xib in Resources */,
				598C118F2B1201D4008B6005 /* VerificationCodeTextFieldView.xib in Resources */,
				598C11322B0A011F008B6005 /* Main.storyboard in Resources */,
				598D35142B46A1BC00B4B7CF /* StoreInfoTableViewProfileHeaderView.xib in Resources */,
				5964A5AB2B43E04F0004C53D /* ConnectInfoView.xib in Resources */,
				598D35202B46AD4F00B4B7CF /* StoreInfoTableViewFooterView.xib in Resources */,
			);
			runOnlyForDeploymentPostprocessing = 0;
		};
/* End PBXResourcesBuildPhase section */

/* Begin PBXShellScriptBuildPhase section */
		7D7B7A4EC00396CA171060E7 /* [CP] Check Pods Manifest.lock */ = {
			isa = PBXShellScriptBuildPhase;
			buildActionMask = 2147483647;
			files = (
			);
			inputFileListPaths = (
			);
			inputPaths = (
				"${PODS_PODFILE_DIR_PATH}/Podfile.lock",
				"${PODS_ROOT}/Manifest.lock",
			);
			name = "[CP] Check Pods Manifest.lock";
			outputFileListPaths = (
			);
			outputPaths = (
				"$(DERIVED_FILE_DIR)/Pods-Fylgja-checkManifestLockResult.txt",
			);
			runOnlyForDeploymentPostprocessing = 0;
			shellPath = /bin/sh;
			shellScript = "diff \"${PODS_PODFILE_DIR_PATH}/Podfile.lock\" \"${PODS_ROOT}/Manifest.lock\" > /dev/null\nif [ $? != 0 ] ; then\n    # print error to STDERR\n    echo \"error: The sandbox is not in sync with the Podfile.lock. Run 'pod install' or update your CocoaPods installation.\" >&2\n    exit 1\nfi\n# This output is used by Xcode 'outputs' to avoid re-running this script phase.\necho \"SUCCESS\" > \"${SCRIPT_OUTPUT_FILE_0}\"\n";
			showEnvVarsInLog = 0;
		};
		DFCB1751E56B59050F605B9C /* [CP] Embed Pods Frameworks */ = {
			isa = PBXShellScriptBuildPhase;
			buildActionMask = 2147483647;
			files = (
			);
			inputFileListPaths = (
				"${PODS_ROOT}/Target Support Files/Pods-Fylgja/Pods-Fylgja-frameworks-${CONFIGURATION}-input-files.xcfilelist",
			);
			name = "[CP] Embed Pods Frameworks";
			outputFileListPaths = (
				"${PODS_ROOT}/Target Support Files/Pods-Fylgja/Pods-Fylgja-frameworks-${CONFIGURATION}-output-files.xcfilelist",
			);
			runOnlyForDeploymentPostprocessing = 0;
			shellPath = /bin/sh;
			shellScript = "\"${PODS_ROOT}/Target Support Files/Pods-Fylgja/Pods-Fylgja-frameworks.sh\"\n";
			showEnvVarsInLog = 0;
		};
		F7A90444E05191D009FAE55F /* [CP] Copy Pods Resources */ = {
			isa = PBXShellScriptBuildPhase;
			buildActionMask = 2147483647;
			files = (
			);
			inputFileListPaths = (
				"${PODS_ROOT}/Target Support Files/Pods-Fylgja/Pods-Fylgja-resources-${CONFIGURATION}-input-files.xcfilelist",
			);
			name = "[CP] Copy Pods Resources";
			outputFileListPaths = (
				"${PODS_ROOT}/Target Support Files/Pods-Fylgja/Pods-Fylgja-resources-${CONFIGURATION}-output-files.xcfilelist",
			);
			runOnlyForDeploymentPostprocessing = 0;
			shellPath = /bin/sh;
			shellScript = "\"${PODS_ROOT}/Target Support Files/Pods-Fylgja/Pods-Fylgja-resources.sh\"\n";
			showEnvVarsInLog = 0;
		};
/* End PBXShellScriptBuildPhase section */

/* Begin PBXSourcesBuildPhase section */
		598C11232B0A011F008B6005 /* Sources */ = {
			isa = PBXSourcesBuildPhase;
			buildActionMask = 2147483647;
			files = (
				5964A58F2B2D90E00004C53D /* CalculateView.swift in Sources */,
				598C114B2B0A0D9E008B6005 /* Common.swift in Sources */,
				598A98032B1C885E0041EB31 /* ScanBtn.swift in Sources */,
				598A97F32B1B286F0041EB31 /* LogoVC.swift in Sources */,
				5964A5992B2DAE5A0004C53D /* FlexibleSteppedProgressBarView.swift in Sources */,
				598A97FB2B1C689C0041EB31 /* WaitingTableViewCell.swift in Sources */,
				598C11802B11F9B1008B6005 /* VerificationCodeVC.swift in Sources */,
				598D35262B46B1B700B4B7CF /* StoreInfoTableViewCell.swift in Sources */,
				598C11412B0A021B008B6005 /* MainRootVC.swift in Sources */,
				598D35162B46A80300B4B7CF /* StoreInfoTableViewHeaderView.swift in Sources */,
				598A98172B23EFA70041EB31 /* TagView.swift in Sources */,
				598C112F2B0A011F008B6005 /* ViewController.swift in Sources */,
				598C11472B0A0C61008B6005 /* AskLocationPremissionVC.swift in Sources */,
				598C11722B11D326008B6005 /* LoginVC.swift in Sources */,
				598A98092B22FB410041EB31 /* StoreListVC.swift in Sources */,
				598A980D2B22FE560041EB31 /* SearchView.swift in Sources */,
				598C112B2B0A011F008B6005 /* AppDelegate.swift in Sources */,
				598D35282B46B71F00B4B7CF /* BusinessTimeCurrentDayTableViewCell.swift in Sources */,
				598C118D2B120183008B6005 /* VerificationCodeTextFieldView.swift in Sources */,
				598C11432B0A0BBB008B6005 /* Extension.swift in Sources */,
				598C113F2B0A0201008B6005 /* LogoAnimationVC.swift in Sources */,
				59E8A62A2B259AD4005E58A2 /* ADTableViewCell.swift in Sources */,
				5964A5972B2D9D190004C53D /* FilterModel.swift in Sources */,
				5964A58A2B2D7D420004C53D /* FilterVC.swift in Sources */,
				598D35102B46945900B4B7CF /* StoreInfoIntroduceTableViewCell.swift in Sources */,
				598C11852B11FB35008B6005 /* WaitingListVC.swift in Sources */,
				598C118B2B11FC29008B6005 /* MainTabBarController.swift in Sources */,
				598C112D2B0A011F008B6005 /* SceneDelegate.swift in Sources */,
				598A97F72B1C66DA0041EB31 /* CustomVC.swift in Sources */,
				598D35062B466FE200B4B7CF /* BusinessTimeTableViewHeaderCell.swift in Sources */,
				59E8A62D2B25ADB5005E58A2 /* ProfileVC.swift in Sources */,
				598A98132B231AA20041EB31 /* WaitStatusView.swift in Sources */,
				5964A5A32B2EE3260004C53D /* StoreInfoVC.swift in Sources */,
				598A98112B23134C0041EB31 /* StoreListTableViewCell.swift in Sources */,
				598D351C2B46AAA200B4B7CF /* StoreInfoMapTableViewCell.swift in Sources */,
				5964A5A92B43E0160004C53D /* ConnectInfoView.swift in Sources */,
				598C11762B11DEF4008B6005 /* PhoneTextFieldView.swift in Sources */,
				5964A5D12B451AD50004C53D /* BusinessTimeTableViewCell.swift in Sources */,
				598D35222B46AF7600B4B7CF /* StoreInfoHeaderView.swift in Sources */,
				5964A5942B2D9A1B0004C53D /* TagCollectionViewCell.swift in Sources */,
				598D350E2B468FEC00B4B7CF /* StoreInfoProfileTableViewCell.swift in Sources */,
				598D35182B46A83100B4B7CF /* StoreInfoTableViewProfileHeaderView.swift in Sources */,
				598D351E2B46AD4400B4B7CF /* StoreInfoTableViewFooterView.swift in Sources */,
				598C114F2B0A0E3F008B6005 /* LocationManager.swift in Sources */,
				598A97F92B1C680C0041EB31 /* CustomRootVC.swift in Sources */,
			);
			runOnlyForDeploymentPostprocessing = 0;
		};
/* End PBXSourcesBuildPhase section */

/* Begin PBXVariantGroup section */
		598C11302B0A011F008B6005 /* Main.storyboard */ = {
			isa = PBXVariantGroup;
			children = (
				598C11312B0A011F008B6005 /* Base */,
			);
			name = Main.storyboard;
			sourceTree = "<group>";
		};
		598C11352B0A0120008B6005 /* LaunchScreen.storyboard */ = {
			isa = PBXVariantGroup;
			children = (
				598C11362B0A0120008B6005 /* Base */,
			);
			name = LaunchScreen.storyboard;
			sourceTree = "<group>";
		};
/* End PBXVariantGroup section */

/* Begin XCBuildConfiguration section */
		598C11392B0A0120008B6005 /* Debug */ = {
			isa = XCBuildConfiguration;
			buildSettings = {
				ALWAYS_SEARCH_USER_PATHS = NO;
				CLANG_ANALYZER_NONNULL = YES;
				CLANG_ANALYZER_NUMBER_OBJECT_CONVERSION = YES_AGGRESSIVE;
				CLANG_CXX_LANGUAGE_STANDARD = "gnu++20";
				CLANG_ENABLE_MODULES = YES;
				CLANG_ENABLE_OBJC_ARC = YES;
				CLANG_ENABLE_OBJC_WEAK = YES;
				CLANG_WARN_BLOCK_CAPTURE_AUTORELEASING = YES;
				CLANG_WARN_BOOL_CONVERSION = YES;
				CLANG_WARN_COMMA = YES;
				CLANG_WARN_CONSTANT_CONVERSION = YES;
				CLANG_WARN_DEPRECATED_OBJC_IMPLEMENTATIONS = YES;
				CLANG_WARN_DIRECT_OBJC_ISA_USAGE = YES_ERROR;
				CLANG_WARN_DOCUMENTATION_COMMENTS = YES;
				CLANG_WARN_EMPTY_BODY = YES;
				CLANG_WARN_ENUM_CONVERSION = YES;
				CLANG_WARN_INFINITE_RECURSION = YES;
				CLANG_WARN_INT_CONVERSION = YES;
				CLANG_WARN_NON_LITERAL_NULL_CONVERSION = YES;
				CLANG_WARN_OBJC_IMPLICIT_RETAIN_SELF = YES;
				CLANG_WARN_OBJC_LITERAL_CONVERSION = YES;
				CLANG_WARN_OBJC_ROOT_CLASS = YES_ERROR;
				CLANG_WARN_QUOTED_INCLUDE_IN_FRAMEWORK_HEADER = YES;
				CLANG_WARN_RANGE_LOOP_ANALYSIS = YES;
				CLANG_WARN_STRICT_PROTOTYPES = YES;
				CLANG_WARN_SUSPICIOUS_MOVE = YES;
				CLANG_WARN_UNGUARDED_AVAILABILITY = YES_AGGRESSIVE;
				CLANG_WARN_UNREACHABLE_CODE = YES;
				CLANG_WARN__DUPLICATE_METHOD_MATCH = YES;
				COPY_PHASE_STRIP = NO;
				DEBUG_INFORMATION_FORMAT = dwarf;
				ENABLE_STRICT_OBJC_MSGSEND = YES;
				ENABLE_TESTABILITY = YES;
				GCC_C_LANGUAGE_STANDARD = gnu11;
				GCC_DYNAMIC_NO_PIC = NO;
				GCC_NO_COMMON_BLOCKS = YES;
				GCC_OPTIMIZATION_LEVEL = 0;
				GCC_PREPROCESSOR_DEFINITIONS = (
					"DEBUG=1",
					"$(inherited)",
				);
				GCC_WARN_64_TO_32_BIT_CONVERSION = YES;
				GCC_WARN_ABOUT_RETURN_TYPE = YES_ERROR;
				GCC_WARN_UNDECLARED_SELECTOR = YES;
				GCC_WARN_UNINITIALIZED_AUTOS = YES_AGGRESSIVE;
				GCC_WARN_UNUSED_FUNCTION = YES;
				GCC_WARN_UNUSED_VARIABLE = YES;
				IPHONEOS_DEPLOYMENT_TARGET = 15.0;
				MTL_ENABLE_DEBUG_INFO = INCLUDE_SOURCE;
				MTL_FAST_MATH = YES;
				ONLY_ACTIVE_ARCH = YES;
				SDKROOT = iphoneos;
				SWIFT_ACTIVE_COMPILATION_CONDITIONS = DEBUG;
				SWIFT_OPTIMIZATION_LEVEL = "-Onone";
			};
			name = Debug;
		};
		598C113A2B0A0120008B6005 /* Release */ = {
			isa = XCBuildConfiguration;
			buildSettings = {
				ALWAYS_SEARCH_USER_PATHS = NO;
				CLANG_ANALYZER_NONNULL = YES;
				CLANG_ANALYZER_NUMBER_OBJECT_CONVERSION = YES_AGGRESSIVE;
				CLANG_CXX_LANGUAGE_STANDARD = "gnu++20";
				CLANG_ENABLE_MODULES = YES;
				CLANG_ENABLE_OBJC_ARC = YES;
				CLANG_ENABLE_OBJC_WEAK = YES;
				CLANG_WARN_BLOCK_CAPTURE_AUTORELEASING = YES;
				CLANG_WARN_BOOL_CONVERSION = YES;
				CLANG_WARN_COMMA = YES;
				CLANG_WARN_CONSTANT_CONVERSION = YES;
				CLANG_WARN_DEPRECATED_OBJC_IMPLEMENTATIONS = YES;
				CLANG_WARN_DIRECT_OBJC_ISA_USAGE = YES_ERROR;
				CLANG_WARN_DOCUMENTATION_COMMENTS = YES;
				CLANG_WARN_EMPTY_BODY = YES;
				CLANG_WARN_ENUM_CONVERSION = YES;
				CLANG_WARN_INFINITE_RECURSION = YES;
				CLANG_WARN_INT_CONVERSION = YES;
				CLANG_WARN_NON_LITERAL_NULL_CONVERSION = YES;
				CLANG_WARN_OBJC_IMPLICIT_RETAIN_SELF = YES;
				CLANG_WARN_OBJC_LITERAL_CONVERSION = YES;
				CLANG_WARN_OBJC_ROOT_CLASS = YES_ERROR;
				CLANG_WARN_QUOTED_INCLUDE_IN_FRAMEWORK_HEADER = YES;
				CLANG_WARN_RANGE_LOOP_ANALYSIS = YES;
				CLANG_WARN_STRICT_PROTOTYPES = YES;
				CLANG_WARN_SUSPICIOUS_MOVE = YES;
				CLANG_WARN_UNGUARDED_AVAILABILITY = YES_AGGRESSIVE;
				CLANG_WARN_UNREACHABLE_CODE = YES;
				CLANG_WARN__DUPLICATE_METHOD_MATCH = YES;
				COPY_PHASE_STRIP = NO;
				DEBUG_INFORMATION_FORMAT = "dwarf-with-dsym";
				ENABLE_NS_ASSERTIONS = NO;
				ENABLE_STRICT_OBJC_MSGSEND = YES;
				GCC_C_LANGUAGE_STANDARD = gnu11;
				GCC_NO_COMMON_BLOCKS = YES;
				GCC_WARN_64_TO_32_BIT_CONVERSION = YES;
				GCC_WARN_ABOUT_RETURN_TYPE = YES_ERROR;
				GCC_WARN_UNDECLARED_SELECTOR = YES;
				GCC_WARN_UNINITIALIZED_AUTOS = YES_AGGRESSIVE;
				GCC_WARN_UNUSED_FUNCTION = YES;
				GCC_WARN_UNUSED_VARIABLE = YES;
				IPHONEOS_DEPLOYMENT_TARGET = 15.0;
				MTL_ENABLE_DEBUG_INFO = NO;
				MTL_FAST_MATH = YES;
				SDKROOT = iphoneos;
				SWIFT_COMPILATION_MODE = wholemodule;
				SWIFT_OPTIMIZATION_LEVEL = "-O";
				VALIDATE_PRODUCT = YES;
			};
			name = Release;
		};
		598C113C2B0A0120008B6005 /* Debug */ = {
			isa = XCBuildConfiguration;
			baseConfigurationReference = F346B91F01D0E16B37F8D4F5 /* Pods-Fylgja.debug.xcconfig */;
			buildSettings = {
				ASSETCATALOG_COMPILER_APPICON_NAME = AppIcon;
				ASSETCATALOG_COMPILER_GLOBAL_ACCENT_COLOR_NAME = AccentColor;
				CODE_SIGN_STYLE = Automatic;
				CURRENT_PROJECT_VERSION = 1;
				DEVELOPMENT_TEAM = 884W23P95V;
				GENERATE_INFOPLIST_FILE = YES;
				INFOPLIST_FILE = Fylgja/Info.plist;
				INFOPLIST_KEY_NSLocationAlwaysAndWhenInUseUsageDescription = "請您提供權限，方便尋找附近的店家";
				INFOPLIST_KEY_NSLocationWhenInUseUsageDescription = "請您提供權限，方便尋找附近的店家";
				INFOPLIST_KEY_UIApplicationSupportsIndirectInputEvents = YES;
				INFOPLIST_KEY_UILaunchStoryboardName = LaunchScreen;
				INFOPLIST_KEY_UIMainStoryboardFile = Main;
				INFOPLIST_KEY_UISupportedInterfaceOrientations_iPad = "UIInterfaceOrientationPortrait UIInterfaceOrientationPortraitUpsideDown UIInterfaceOrientationLandscapeLeft UIInterfaceOrientationLandscapeRight";
				INFOPLIST_KEY_UISupportedInterfaceOrientations_iPhone = "UIInterfaceOrientationPortrait UIInterfaceOrientationLandscapeLeft UIInterfaceOrientationLandscapeRight";
				IPHONEOS_DEPLOYMENT_TARGET = 15.0;
				LD_RUNPATH_SEARCH_PATHS = (
					"$(inherited)",
					"@executable_path/Frameworks",
				);
				MARKETING_VERSION = 1.0;
				PRODUCT_BUNDLE_IDENTIFIER = Pratice.Fylgja;
				PRODUCT_NAME = "$(TARGET_NAME)";
				SUPPORTED_PLATFORMS = "iphoneos iphonesimulator";
				SUPPORTS_MACCATALYST = NO;
				SUPPORTS_MAC_DESIGNED_FOR_IPHONE_IPAD = NO;
				SWIFT_EMIT_LOC_STRINGS = YES;
				SWIFT_VERSION = 5.0;
				TARGETED_DEVICE_FAMILY = 1;
			};
			name = Debug;
		};
		598C113D2B0A0120008B6005 /* Release */ = {
			isa = XCBuildConfiguration;
			baseConfigurationReference = 05AD21D38A8B359F29A3A8AF /* Pods-Fylgja.release.xcconfig */;
			buildSettings = {
				ASSETCATALOG_COMPILER_APPICON_NAME = AppIcon;
				ASSETCATALOG_COMPILER_GLOBAL_ACCENT_COLOR_NAME = AccentColor;
				CODE_SIGN_STYLE = Automatic;
				CURRENT_PROJECT_VERSION = 1;
				DEVELOPMENT_TEAM = 884W23P95V;
				GENERATE_INFOPLIST_FILE = YES;
				INFOPLIST_FILE = Fylgja/Info.plist;
				INFOPLIST_KEY_NSLocationAlwaysAndWhenInUseUsageDescription = "請您提供權限，方便尋找附近的店家";
				INFOPLIST_KEY_NSLocationWhenInUseUsageDescription = "請您提供權限，方便尋找附近的店家";
				INFOPLIST_KEY_UIApplicationSupportsIndirectInputEvents = YES;
				INFOPLIST_KEY_UILaunchStoryboardName = LaunchScreen;
				INFOPLIST_KEY_UIMainStoryboardFile = Main;
				INFOPLIST_KEY_UISupportedInterfaceOrientations_iPad = "UIInterfaceOrientationPortrait UIInterfaceOrientationPortraitUpsideDown UIInterfaceOrientationLandscapeLeft UIInterfaceOrientationLandscapeRight";
				INFOPLIST_KEY_UISupportedInterfaceOrientations_iPhone = "UIInterfaceOrientationPortrait UIInterfaceOrientationLandscapeLeft UIInterfaceOrientationLandscapeRight";
				IPHONEOS_DEPLOYMENT_TARGET = 15.0;
				LD_RUNPATH_SEARCH_PATHS = (
					"$(inherited)",
					"@executable_path/Frameworks",
				);
				MARKETING_VERSION = 1.0;
				PRODUCT_BUNDLE_IDENTIFIER = Pratice.Fylgja;
				PRODUCT_NAME = "$(TARGET_NAME)";
				SUPPORTED_PLATFORMS = "iphoneos iphonesimulator";
				SUPPORTS_MACCATALYST = NO;
				SUPPORTS_MAC_DESIGNED_FOR_IPHONE_IPAD = NO;
				SWIFT_EMIT_LOC_STRINGS = YES;
				SWIFT_VERSION = 5.0;
				TARGETED_DEVICE_FAMILY = 1;
			};
			name = Release;
		};
/* End XCBuildConfiguration section */

/* Begin XCConfigurationList section */
		598C11222B0A011F008B6005 /* Build configuration list for PBXProject "Fylgja" */ = {
			isa = XCConfigurationList;
			buildConfigurations = (
				598C11392B0A0120008B6005 /* Debug */,
				598C113A2B0A0120008B6005 /* Release */,
			);
			defaultConfigurationIsVisible = 0;
			defaultConfigurationName = Release;
		};
		598C113B2B0A0120008B6005 /* Build configuration list for PBXNativeTarget "Fylgja" */ = {
			isa = XCConfigurationList;
			buildConfigurations = (
				598C113C2B0A0120008B6005 /* Debug */,
				598C113D2B0A0120008B6005 /* Release */,
			);
			defaultConfigurationIsVisible = 0;
			defaultConfigurationName = Release;
		};
/* End XCConfigurationList section */
	};
	rootObject = 598C111F2B0A011F008B6005 /* Project object */;
}
